// !$*UTF8*$!
{
	archiveVersion = 1;
	classes = {
	};
	objectVersion = 50;
	objects = {

/* Begin PBXBuildFile section */
		A22DC38B2147B8CC003F84AE /* main.cpp in Sources */ = {isa = PBXBuildFile; fileRef = A22DC38A2147B8CC003F84AE /* main.cpp */; };
		A22DC3922147D8DC003F84AE /* huffmanEncode.cpp in Sources */ = {isa = PBXBuildFile; fileRef = A22DC3912147D8DB003F84AE /* huffmanEncode.cpp */; };
/* End PBXBuildFile section */

/* Begin PBXCopyFilesBuildPhase section */
		A22DC3852147B8CC003F84AE /* CopyFiles */ = {
			isa = PBXCopyFilesBuildPhase;
			buildActionMask = 2147483647;
			dstPath = /usr/share/man/man1/;
			dstSubfolderSpec = 0;
			files = (
			);
			runOnlyForDeploymentPostprocessing = 1;
		};
/* End PBXCopyFilesBuildPhase section */

/* Begin PBXFileReference section */
		A22DC3872147B8CC003F84AE /* test_huffman */ = {isa = PBXFileReference; explicitFileType = "compiled.mach-o.executable"; includeInIndex = 0; path = test_huffman; sourceTree = BUILT_PRODUCTS_DIR; };
		A22DC38A2147B8CC003F84AE /* main.cpp */ = {isa = PBXFileReference; lastKnownFileType = sourcecode.cpp.cpp; path = main.cpp; sourceTree = "<group>"; };
		A22DC3912147D8DB003F84AE /* huffmanEncode.cpp */ = {isa = PBXFileReference; fileEncoding = 4; lastKnownFileType = sourcecode.cpp.cpp; name = huffmanEncode.cpp; path = ../../../src/huffmanEncode.cpp; sourceTree = "<group>"; };
		A22DC3932147DE7F003F84AE /* huffmanEncode.h */ = {isa = PBXFileReference; lastKnownFileType = sourcecode.c.h; name = huffmanEncode.h; path = ../../../include/huffmanEncode.h; sourceTree = "<group>"; };
		A22DC3942148DF20003F84AE /* bit_tool.hpp */ = {isa = PBXFileReference; lastKnownFileType = sourcecode.cpp.h; name = bit_tool.hpp; path = ../../../include/bit_tool.hpp; sourceTree = "<group>"; };
		A22DC3952148E5A2003F84AE /* test_heap.hpp */ = {isa = PBXFileReference; lastKnownFileType = sourcecode.cpp.h; name = test_heap.hpp; path = ../../../include/test_heap.hpp; sourceTree = "<group>"; };
/* End PBXFileReference section */

/* Begin PBXFrameworksBuildPhase section */
		A22DC3842147B8CC003F84AE /* Frameworks */ = {
			isa = PBXFrameworksBuildPhase;
			buildActionMask = 2147483647;
			files = (
			);
			runOnlyForDeploymentPostprocessing = 0;
		};
/* End PBXFrameworksBuildPhase section */

/* Begin PBXGroup section */
		A22DC37E2147B8CB003F84AE = {
			isa = PBXGroup;
			children = (
				A22DC3892147B8CC003F84AE /* test_huffman */,
				A22DC3882147B8CC003F84AE /* Products */,
			);
			sourceTree = "<group>";
		};
		A22DC3882147B8CC003F84AE /* Products */ = {
			isa = PBXGroup;
			children = (
				A22DC3872147B8CC003F84AE /* test_huffman */,
			);
			name = Products;
			sourceTree = "<group>";
		};
		A22DC3892147B8CC003F84AE /* test_huffman */ = {
			isa = PBXGroup;
			children = (
				A22DC3942148DF20003F84AE /* bit_tool.hpp */,
				A22DC3932147DE7F003F84AE /* huffmanEncode.h */,
				A22DC3912147D8DB003F84AE /* huffmanEncode.cpp */,
				A22DC3952148E5A2003F84AE /* test_heap.hpp */,
				A22DC38A2147B8CC003F84AE /* main.cpp */,
			);
			path = test_huffman;
			sourceTree = "<group>";
		};
/* End PBXGroup section */

/* Begin PBXNativeTarget section */
		A22DC3862147B8CC003F84AE /* test_huffman */ = {
			isa = PBXNativeTarget;
			buildConfigurationList = A22DC38E2147B8CC003F84AE /* Build configuration list for PBXNativeTarget "test_huffman" */;
			buildPhases = (
				A22DC3832147B8CC003F84AE /* Sources */,
				A22DC3842147B8CC003F84AE /* Frameworks */,
				A22DC3852147B8CC003F84AE /* CopyFiles */,
			);
			buildRules = (
			);
			dependencies = (
			);
			name = test_huffman;
			productName = test_huffman;
			productReference = A22DC3872147B8CC003F84AE /* test_huffman */;
			productType = "com.apple.product-type.tool";
		};
/* End PBXNativeTarget section */

/* Begin PBXProject section */
		A22DC37F2147B8CB003F84AE /* Project object */ = {
			isa = PBXProject;
			attributes = {
				LastUpgradeCheck = 0940;
				ORGANIZATIONNAME = "___multiMedia___";
				TargetAttributes = {
					A22DC3862147B8CC003F84AE = {
						CreatedOnToolsVersion = 9.4.1;
					};
				};
			};
			buildConfigurationList = A22DC3822147B8CC003F84AE /* Build configuration list for PBXProject "test_huffman" */;
			compatibilityVersion = "Xcode 9.3";
			developmentRegion = en;
			hasScannedForEncodings = 0;
			knownRegions = (
				en,
			);
			mainGroup = A22DC37E2147B8CB003F84AE;
			productRefGroup = A22DC3882147B8CC003F84AE /* Products */;
			projectDirPath = "";
			projectRoot = "";
			targets = (
				A22DC3862147B8CC003F84AE /* test_huffman */,
			);
		};
/* End PBXProject section */

/* Begin PBXSourcesBuildPhase section */
		A22DC3832147B8CC003F84AE /* Sources */ = {
			isa = PBXSourcesBuildPhase;
			buildActionMask = 2147483647;
			files = (
				A22DC38B2147B8CC003F84AE /* main.cpp in Sources */,
				A22DC3922147D8DC003F84AE /* huffmanEncode.cpp in Sources */,
			);
			runOnlyForDeploymentPostprocessing = 0;
		};
/* End PBXSourcesBuildPhase section */

/* Begin XCBuildConfiguration section */
		A22DC38C2147B8CC003F84AE /* Debug */ = {
			isa = XCBuildConfiguration;
			buildSettings = {
				ALWAYS_SEARCH_USER_PATHS = NO;
				CLANG_ANALYZER_NONNULL = YES;
				CLANG_ANALYZER_NUMBER_OBJECT_CONVERSION = YES_AGGRESSIVE;
				CLANG_CXX_LANGUAGE_STANDARD = "gnu++14";
				CLANG_CXX_LIBRARY = "libc++";
				CLANG_ENABLE_MODULES = YES;
				CLANG_ENABLE_OBJC_ARC = YES;
				CLANG_ENABLE_OBJC_WEAK = YES;
				CLANG_WARN_BLOCK_CAPTURE_AUTORELEASING = YES;
				CLANG_WARN_BOOL_CONVERSION = YES;
				CLANG_WARN_COMMA = YES;
				CLANG_WARN_CONSTANT_CONVERSION = YES;
				CLANG_WARN_DEPRECATED_OBJC_IMPLEMENTATIONS = YES;
				CLANG_WARN_DIRECT_OBJC_ISA_USAGE = YES_ERROR;
				CLANG_WARN_DOCUMENTATION_COMMENTS = YES;
				CLANG_WARN_EMPTY_BODY = YES;
				CLANG_WARN_ENUM_CONVERSION = YES;
				CLANG_WARN_INFINITE_RECURSION = YES;
				CLANG_WARN_INT_CONVERSION = YES;
				CLANG_WARN_NON_LITERAL_NULL_CONVERSION = YES;
				CLANG_WARN_OBJC_IMPLICIT_RETAIN_SELF = YES;
				CLANG_WARN_OBJC_LITERAL_CONVERSION = YES;
				CLANG_WARN_OBJC_ROOT_CLASS = YES_ERROR;
				CLANG_WARN_RANGE_LOOP_ANALYSIS = YES;
				CLANG_WARN_STRICT_PROTOTYPES = YES;
				CLANG_WARN_SUSPICIOUS_MOVE = YES;
				CLANG_WARN_UNGUARDED_AVAILABILITY = YES_AGGRESSIVE;
				CLANG_WARN_UNREACHABLE_CODE = YES;
				CLANG_WARN__DUPLICATE_METHOD_MATCH = YES;
				CODE_SIGN_IDENTITY = "-";
				COPY_PHASE_STRIP = NO;
				DEBUG_INFORMATION_FORMAT = dwarf;
				ENABLE_STRICT_OBJC_MSGSEND = YES;
				ENABLE_TESTABILITY = YES;
				GCC_C_LANGUAGE_STANDARD = gnu11;
				GCC_DYNAMIC_NO_PIC = NO;
				GCC_NO_COMMON_BLOCKS = YES;
				GCC_OPTIMIZATION_LEVEL = 0;
				GCC_PREPROCESSOR_DEFINITIONS = (
					"DEBUG=1",
					"$(inherited)",
				);
				GCC_WARN_64_TO_32_BIT_CONVERSION = YES;
				GCC_WARN_ABOUT_RETURN_TYPE = YES_ERROR;
				GCC_WARN_UNDECLARED_SELECTOR = YES;
				GCC_WARN_UNINITIALIZED_AUTOS = YES_AGGRESSIVE;
				GCC_WARN_UNUSED_FUNCTION = YES;
				GCC_WARN_UNUSED_VARIABLE = YES;
				MACOSX_DEPLOYMENT_TARGET = 10.13;
				MTL_ENABLE_DEBUG_INFO = YES;
				ONLY_ACTIVE_ARCH = YES;
				SDKROOT = macosx;
			};
			name = Debug;
		};
		A22DC38D2147B8CC003F84AE /* Release */ = {
			isa = XCBuildConfiguration;
			buildSettings = {
				ALWAYS_SEARCH_USER_PATHS = NO;
				CLANG_ANALYZER_NONNULL = YES;
				CLANG_ANALYZER_NUMBER_OBJECT_CONVERSION = YES_AGGRESSIVE;
				CLANG_CXX_LANGUAGE_STANDARD = "gnu++14";
				CLANG_CXX_LIBRARY = "libc++";
				CLANG_ENABLE_MODULES = YES;
				CLANG_ENABLE_OBJC_ARC = YES;
				CLANG_ENABLE_OBJC_WEAK = YES;
				CLANG_WARN_BLOCK_CAPTURE_AUTORELEASING = YES;
				CLANG_WARN_BOOL_CONVERSION = YES;
				CLANG_WARN_COMMA = YES;
				CLANG_WARN_CONSTANT_CONVERSION = YES;
				CLANG_WARN_DEPRECATED_OBJC_IMPLEMENTATIONS = YES;
				CLANG_WARN_DIRECT_OBJC_ISA_USAGE = YES_ERROR;
				CLANG_WARN_DOCUMENTATION_COMMENTS = YES;
				CLANG_WARN_EMPTY_BODY = YES;
				CLANG_WARN_ENUM_CONVERSION = YES;
				CLANG_WARN_INFINITE_RECURSION = YES;
				CLANG_WARN_INT_CONVERSION = YES;
				CLANG_WARN_NON_LITERAL_NULL_CONVERSION = YES;
				CLANG_WARN_OBJC_IMPLICIT_RETAIN_SELF = YES;
				CLANG_WARN_OBJC_LITERAL_CONVERSION = YES;
				CLANG_WARN_OBJC_ROOT_CLASS = YES_ERROR;
				CLANG_WARN_RANGE_LOOP_ANALYSIS = YES;
				CLANG_WARN_STRICT_PROTOTYPES = YES;
				CLANG_WARN_SUSPICIOUS_MOVE = YES;
				CLANG_WARN_UNGUARDED_AVAILABILITY = YES_AGGRESSIVE;
				CLANG_WARN_UNREACHABLE_CODE = YES;
				CLANG_WARN__DUPLICATE_METHOD_MATCH = YES;
				CODE_SIGN_IDENTITY = "-";
				COPY_PHASE_STRIP = NO;
				DEBUG_INFORMATION_FORMAT = "dwarf-with-dsym";
				ENABLE_NS_ASSERTIONS = NO;
				ENABLE_STRICT_OBJC_MSGSEND = YES;
				GCC_C_LANGUAGE_STANDARD = gnu11;
				GCC_NO_COMMON_BLOCKS = YES;
				GCC_WARN_64_TO_32_BIT_CONVERSION = YES;
				GCC_WARN_ABOUT_RETURN_TYPE = YES_ERROR;
				GCC_WARN_UNDECLARED_SELECTOR = YES;
				GCC_WARN_UNINITIALIZED_AUTOS = YES_AGGRESSIVE;
				GCC_WARN_UNUSED_FUNCTION = YES;
				GCC_WARN_UNUSED_VARIABLE = YES;
				MACOSX_DEPLOYMENT_TARGET = 10.13;
				MTL_ENABLE_DEBUG_INFO = NO;
				SDKROOT = macosx;
			};
			name = Release;
		};
		A22DC38F2147B8CC003F84AE /* Debug */ = {
			isa = XCBuildConfiguration;
			buildSettings = {
				CODE_SIGN_STYLE = Automatic;
				HEADER_SEARCH_PATHS = "";
				PRODUCT_NAME = "$(TARGET_NAME)";
				USER_HEADER_SEARCH_PATHS = ../../include;
			};
			name = Debug;
		};
		A22DC3902147B8CC003F84AE /* Release */ = {
			isa = XCBuildConfiguration;
			buildSettings = {
				CODE_SIGN_STYLE = Automatic;
				HEADER_SEARCH_PATHS = "";
				PRODUCT_NAME = "$(TARGET_NAME)";
				USER_HEADER_SEARCH_PATHS = ../../include;
			};
			name = Release;
		};
/* End XCBuildConfiguration section */

/* Begin XCConfigurationList section */
		A22DC3822147B8CC003F84AE /* Build configuration list for PBXProject "test_huffman" */ = {
			isa = XCConfigurationList;
			buildConfigurations = (
				A22DC38C2147B8CC003F84AE /* Debug */,
				A22DC38D2147B8CC003F84AE /* Release */,
			);
			defaultConfigurationIsVisible = 0;
			defaultConfigurationName = Release;
		};
		A22DC38E2147B8CC003F84AE /* Build configuration list for PBXNativeTarget "test_huffman" */ = {
			isa = XCConfigurationList;
			buildConfigurations = (
				A22DC38F2147B8CC003F84AE /* Debug */,
				A22DC3902147B8CC003F84AE /* Release */,
			);
			defaultConfigurationIsVisible = 0;
			defaultConfigurationName = Release;
		};
/* End XCConfigurationList section */
	};
	rootObject = A22DC37F2147B8CB003F84AE /* Project object */;
}
